
Microsoft Visual Studio Solution File, Format Version 12.00
# Visual Studio Version 17
VisualStudioVersion = 17.3.32901.215
MinimumVisualStudioVersion = 10.0.40219.1
Project("{9A19103F-16F7-4668-BE54-9A1E7A4F7556}") = "DesafioPOO", "DesafioPOO.csproj", "{4C2ED361-F896-4F5F-812B-25395D80BBD0}"
EndProject
Global
	GlobalSection(SolutionConfigurationPlatforms) = preSolution
		Debug|Any CPU = Debug|Any CPU
		Release|Any CPU = Release|Any CPU
	EndGlobalSection
	GlobalSection(ProjectConfigurationPlatforms) = postSolution
		{4C2ED361-F896-4F5F-812B-25395D80BBD0}.Debug|Any CPU.ActiveCfg = Debug|Any CPU
		{4C2ED361-F896-4F5F-812B-25395D80BBD0}.Debug|Any CPU.Build.0 = Debug|Any CPU
		{4C2ED361-F896-4F5F-812B-25395D80BBD0}.Release|Any CPU.ActiveCfg = Release|Any CPU
		{4C2ED361-F896-4F5F-812B-25395D80BBD0}.Release|Any CPU.Build.0 = Release|Any CPU
	EndGlobalSection
	GlobalSection(SolutionProperties) = preSolution
		HideSolutionNode = FALSE
	EndGlobalSection
	GlobalSection(ExtensibilityGlobals) = postSolution
		SolutionGuid = {2E8F7478-7AC1-4045-819C-E227C30F5C42}
	EndGlobalSection
EndGlobal
